// !$*UTF8*$!
{
	archiveVersion = 1;
	classes = {
	};
	objectVersion = 51;
	objects = {

/* Begin PBXBuildFile section */
		5AD611088853D9B72BA99EB1 /* Pods_FinalProjectTests.framework in Frameworks */ = {isa = PBXBuildFile; fileRef = 1D338D4668001CE7615E14B1 /* Pods_FinalProjectTests.framework */; };
		6AF60D052313B26E00F5CBA2 /* LaunchScreen.storyboard in Resources */ = {isa = PBXBuildFile; fileRef = 6AF60D042313B26E00F5CBA2 /* LaunchScreen.storyboard */; };
		6AF60D082313B31200F5CBA2 /* App.swift in Sources */ = {isa = PBXBuildFile; fileRef = 6AF60D072313B31200F5CBA2 /* App.swift */; };
		6AF60D192313B35800F5CBA2 /* Errors.swift in Sources */ = {isa = PBXBuildFile; fileRef = 6AF60D0C2313B35700F5CBA2 /* Errors.swift */; };
		6AF60D222313B35800F5CBA2 /* String.swift in Sources */ = {isa = PBXBuildFile; fileRef = 6AF60D152313B35800F5CBA2 /* String.swift */; };
		6AF60D802313B56B00F5CBA2 /* Session.swift in Sources */ = {isa = PBXBuildFile; fileRef = 6AF60D242313B56B00F5CBA2 /* Session.swift */; };
		6AF60E0A2313B9C000F5CBA2 /* UIViewExt.swift in Sources */ = {isa = PBXBuildFile; fileRef = 6AF60DE52313B9BD00F5CBA2 /* UIViewExt.swift */; };
		6AF60E132313B9C000F5CBA2 /* NSErrorExt.swift in Sources */ = {isa = PBXBuildFile; fileRef = 6AF60DEE2313B9BE00F5CBA2 /* NSErrorExt.swift */; };
		6AF60E1E2313B9C000F5CBA2 /* UIViewControllerExt.swift in Sources */ = {isa = PBXBuildFile; fileRef = 6AF60DF92313B9BF00F5CBA2 /* UIViewControllerExt.swift */; };
		6AF60E212313B9C000F5CBA2 /* CollectionExt.swift in Sources */ = {isa = PBXBuildFile; fileRef = 6AF60DFC2313B9BF00F5CBA2 /* CollectionExt.swift */; };
		6AF613B02313C13A00F5CBA2 /* CollectionCell.swift in Sources */ = {isa = PBXBuildFile; fileRef = 6AF611532313C13800F5CBA2 /* CollectionCell.swift */; };
		6AF613B12313C13A00F5CBA2 /* CollectionViewHeaderView.swift in Sources */ = {isa = PBXBuildFile; fileRef = 6AF611542313C13800F5CBA2 /* CollectionViewHeaderView.swift */; };
		6AF613B22313C13A00F5CBA2 /* Label.swift in Sources */ = {isa = PBXBuildFile; fileRef = 6AF611552313C13800F5CBA2 /* Label.swift */; };
		6AF613B32313C13A00F5CBA2 /* ViewController.swift in Sources */ = {isa = PBXBuildFile; fileRef = 6AF611562313C13800F5CBA2 /* ViewController.swift */; };
		6AF613B72313C13A00F5CBA2 /* CollectionView.swift in Sources */ = {isa = PBXBuildFile; fileRef = 6AF6115A2313C13800F5CBA2 /* CollectionView.swift */; };
		6AF613BF2313C13A00F5CBA2 /* ScrollView.swift in Sources */ = {isa = PBXBuildFile; fileRef = 6AF611622313C13800F5CBA2 /* ScrollView.swift */; };
		6AF613C12313C13A00F5CBA2 /* TableView.swift in Sources */ = {isa = PBXBuildFile; fileRef = 6AF611642313C13800F5CBA2 /* TableView.swift */; };
		6AF613C42313C13A00F5CBA2 /* TableCell.swift in Sources */ = {isa = PBXBuildFile; fileRef = 6AF611672313C13800F5CBA2 /* TableCell.swift */; };
		6AF613C92313C13A00F5CBA2 /* ImageView.swift in Sources */ = {isa = PBXBuildFile; fileRef = 6AF6116C2313C13800F5CBA2 /* ImageView.swift */; };
		6AF613CC2313C13A00F5CBA2 /* Button.swift in Sources */ = {isa = PBXBuildFile; fileRef = 6AF6116F2313C13800F5CBA2 /* Button.swift */; };
		6AFD0303231375EE004940FA /* AppDelegate.swift in Sources */ = {isa = PBXBuildFile; fileRef = 6AFD0302231375EE004940FA /* AppDelegate.swift */; };
		6AFD030A231375EF004940FA /* Assets.xcassets in Resources */ = {isa = PBXBuildFile; fileRef = 6AFD0309231375EF004940FA /* Assets.xcassets */; };
		6AFD0318231375EF004940FA /* FinalProjectTests.swift in Sources */ = {isa = PBXBuildFile; fileRef = 6AFD0317231375EF004940FA /* FinalProjectTests.swift */; };
		73EBF6B22338C00D005878E0 /* HomeViewController.swift in Sources */ = {isa = PBXBuildFile; fileRef = 73EBF6B02338C00D005878E0 /* HomeViewController.swift */; };
		73EBF6B32338C00D005878E0 /* HomeViewController.xib in Resources */ = {isa = PBXBuildFile; fileRef = 73EBF6B12338C00D005878E0 /* HomeViewController.xib */; };
		73EBF6B62338C017005878E0 /* SearchViewController.swift in Sources */ = {isa = PBXBuildFile; fileRef = 73EBF6B42338C017005878E0 /* SearchViewController.swift */; };
		73EBF6B72338C017005878E0 /* SearchViewController.xib in Resources */ = {isa = PBXBuildFile; fileRef = 73EBF6B52338C017005878E0 /* SearchViewController.xib */; };
		73EBF6BA2338C024005878E0 /* FavoriteViewController.swift in Sources */ = {isa = PBXBuildFile; fileRef = 73EBF6B82338C024005878E0 /* FavoriteViewController.swift */; };
		73EBF6BB2338C024005878E0 /* FavoriteViewController.xib in Resources */ = {isa = PBXBuildFile; fileRef = 73EBF6B92338C024005878E0 /* FavoriteViewController.xib */; };
		73EBF6BF2338C9CC005878E0 /* Color.swift in Sources */ = {isa = PBXBuildFile; fileRef = 73EBF6BE2338C9CC005878E0 /* Color.swift */; };
		73EBF6C12338C9D8005878E0 /* Number.swift in Sources */ = {isa = PBXBuildFile; fileRef = 73EBF6C02338C9D8005878E0 /* Number.swift */; };
		73EBF6C32338C9E1005878E0 /* Key.swift in Sources */ = {isa = PBXBuildFile; fileRef = 73EBF6C22338C9E1005878E0 /* Key.swift */; };
		73EBF6C72338CFB4005878E0 /* RealmManager.swift in Sources */ = {isa = PBXBuildFile; fileRef = 73EBF6C62338CFB4005878E0 /* RealmManager.swift */; };
		73ED49BC2339B11E0001BB01 /* Trending.swift in Sources */ = {isa = PBXBuildFile; fileRef = 73ED49BB2339B11E0001BB01 /* Trending.swift */; };
		73ED49E02339F4B00001BB01 /* HomeViewModel.swift in Sources */ = {isa = PBXBuildFile; fileRef = 73ED49DF2339F4B00001BB01 /* HomeViewModel.swift */; };
		73ED49E22339F4C00001BB01 /* SearchViewModel.swift in Sources */ = {isa = PBXBuildFile; fileRef = 73ED49E12339F4C00001BB01 /* SearchViewModel.swift */; };
		73ED49E42339F4D50001BB01 /* FavoriteViewModel.swift in Sources */ = {isa = PBXBuildFile; fileRef = 73ED49E32339F4D50001BB01 /* FavoriteViewModel.swift */; };
		73ED49EE2339F6F80001BB01 /* API.swift in Sources */ = {isa = PBXBuildFile; fileRef = 73ED49ED2339F6F80001BB01 /* API.swift */; };
		73ED49F02339F71E0001BB01 /* APIRequest.swift in Sources */ = {isa = PBXBuildFile; fileRef = 73ED49EF2339F71E0001BB01 /* APIRequest.swift */; };
		73ED49F22339F7310001BB01 /* ApiManager.swift in Sources */ = {isa = PBXBuildFile; fileRef = 73ED49F12339F7310001BB01 /* ApiManager.swift */; };
		73ED49F42339F7420001BB01 /* API+Data.swift in Sources */ = {isa = PBXBuildFile; fileRef = 73ED49F32339F7420001BB01 /* API+Data.swift */; };
		73ED49F62339F75C0001BB01 /* API.Downloader.swift in Sources */ = {isa = PBXBuildFile; fileRef = 73ED49F52339F75C0001BB01 /* API.Downloader.swift */; };
		73ED49FA2339FB990001BB01 /* Api.Snippet.swift in Sources */ = {isa = PBXBuildFile; fileRef = 73ED49F92339FB990001BB01 /* Api.Snippet.swift */; };
		73F143BC233B26090083084E /* TrendingCell.swift in Sources */ = {isa = PBXBuildFile; fileRef = 73F143BA233B26090083084E /* TrendingCell.swift */; };
		73F143BD233B26090083084E /* TrendingCell.xib in Resources */ = {isa = PBXBuildFile; fileRef = 73F143BB233B26090083084E /* TrendingCell.xib */; };
		73F143C0233B261D0083084E /* ChannelCell.swift in Sources */ = {isa = PBXBuildFile; fileRef = 73F143BE233B261D0083084E /* ChannelCell.swift */; };
		73F143C1233B261D0083084E /* ChannelCell.xib in Resources */ = {isa = PBXBuildFile; fileRef = 73F143BF233B261D0083084E /* ChannelCell.xib */; };
		73F143C3233B262A0083084E /* TrendingCellViewModel.swift in Sources */ = {isa = PBXBuildFile; fileRef = 73F143C2233B262A0083084E /* TrendingCellViewModel.swift */; };
		73F143C5233B263B0083084E /* ChannelCellViewModel.swift in Sources */ = {isa = PBXBuildFile; fileRef = 73F143C4233B263B0083084E /* ChannelCellViewModel.swift */; };
		73F143CF233B4D3B0083084E /* TitleHeader.swift in Sources */ = {isa = PBXBuildFile; fileRef = 73F143CD233B4D3B0083084E /* TitleHeader.swift */; };
		73F143D0233B4D3B0083084E /* TitleHeader.xib in Resources */ = {isa = PBXBuildFile; fileRef = 73F143CE233B4D3B0083084E /* TitleHeader.xib */; };
		8882DA0118142BBAD083DDD9 /* Pods_FinalProject.framework in Frameworks */ = {isa = PBXBuildFile; fileRef = 5084BD3D925876C8DE2E9504 /* Pods_FinalProject.framework */; };
/* End PBXBuildFile section */

/* Begin PBXContainerItemProxy section */
		6AFD0314231375EF004940FA /* PBXContainerItemProxy */ = {
			isa = PBXContainerItemProxy;
			containerPortal = 6AFD02F7231375EE004940FA /* Project object */;
			proxyType = 1;
			remoteGlobalIDString = 6AFD02FE231375EE004940FA;
			remoteInfo = FinalProject;
		};
/* End PBXContainerItemProxy section */

/* Begin PBXFileReference section */
		1D338D4668001CE7615E14B1 /* Pods_FinalProjectTests.framework */ = {isa = PBXFileReference; explicitFileType = wrapper.framework; includeInIndex = 0; path = Pods_FinalProjectTests.framework; sourceTree = BUILT_PRODUCTS_DIR; };
		38F8188BF7E7977ED1A7F2CE /* Pods-FinalProjectTests.debug.xcconfig */ = {isa = PBXFileReference; includeInIndex = 1; lastKnownFileType = text.xcconfig; name = "Pods-FinalProjectTests.debug.xcconfig"; path = "Pods/Target Support Files/Pods-FinalProjectTests/Pods-FinalProjectTests.debug.xcconfig"; sourceTree = "<group>"; };
		5084BD3D925876C8DE2E9504 /* Pods_FinalProject.framework */ = {isa = PBXFileReference; explicitFileType = wrapper.framework; includeInIndex = 0; path = Pods_FinalProject.framework; sourceTree = BUILT_PRODUCTS_DIR; };
		6AF60D042313B26E00F5CBA2 /* LaunchScreen.storyboard */ = {isa = PBXFileReference; fileEncoding = 4; lastKnownFileType = file.storyboard; path = LaunchScreen.storyboard; sourceTree = "<group>"; };
		6AF60D072313B31200F5CBA2 /* App.swift */ = {isa = PBXFileReference; lastKnownFileType = sourcecode.swift; path = App.swift; sourceTree = "<group>"; };
		6AF60D0C2313B35700F5CBA2 /* Errors.swift */ = {isa = PBXFileReference; fileEncoding = 4; lastKnownFileType = sourcecode.swift; path = Errors.swift; sourceTree = "<group>"; };
		6AF60D152313B35800F5CBA2 /* String.swift */ = {isa = PBXFileReference; fileEncoding = 4; lastKnownFileType = sourcecode.swift; path = String.swift; sourceTree = "<group>"; };
		6AF60D242313B56B00F5CBA2 /* Session.swift */ = {isa = PBXFileReference; fileEncoding = 4; lastKnownFileType = sourcecode.swift; path = Session.swift; sourceTree = "<group>"; };
		6AF60DE52313B9BD00F5CBA2 /* UIViewExt.swift */ = {isa = PBXFileReference; fileEncoding = 4; lastKnownFileType = sourcecode.swift; path = UIViewExt.swift; sourceTree = "<group>"; };
		6AF60DEE2313B9BE00F5CBA2 /* NSErrorExt.swift */ = {isa = PBXFileReference; fileEncoding = 4; lastKnownFileType = sourcecode.swift; path = NSErrorExt.swift; sourceTree = "<group>"; };
		6AF60DF92313B9BF00F5CBA2 /* UIViewControllerExt.swift */ = {isa = PBXFileReference; fileEncoding = 4; lastKnownFileType = sourcecode.swift; path = UIViewControllerExt.swift; sourceTree = "<group>"; };
		6AF60DFC2313B9BF00F5CBA2 /* CollectionExt.swift */ = {isa = PBXFileReference; fileEncoding = 4; lastKnownFileType = sourcecode.swift; path = CollectionExt.swift; sourceTree = "<group>"; };
		6AF611532313C13800F5CBA2 /* CollectionCell.swift */ = {isa = PBXFileReference; fileEncoding = 4; lastKnownFileType = sourcecode.swift; path = CollectionCell.swift; sourceTree = "<group>"; };
		6AF611542313C13800F5CBA2 /* CollectionViewHeaderView.swift */ = {isa = PBXFileReference; fileEncoding = 4; lastKnownFileType = sourcecode.swift; path = CollectionViewHeaderView.swift; sourceTree = "<group>"; };
		6AF611552313C13800F5CBA2 /* Label.swift */ = {isa = PBXFileReference; fileEncoding = 4; lastKnownFileType = sourcecode.swift; path = Label.swift; sourceTree = "<group>"; };
		6AF611562313C13800F5CBA2 /* ViewController.swift */ = {isa = PBXFileReference; fileEncoding = 4; lastKnownFileType = sourcecode.swift; path = ViewController.swift; sourceTree = "<group>"; };
		6AF6115A2313C13800F5CBA2 /* CollectionView.swift */ = {isa = PBXFileReference; fileEncoding = 4; lastKnownFileType = sourcecode.swift; path = CollectionView.swift; sourceTree = "<group>"; };
		6AF611622313C13800F5CBA2 /* ScrollView.swift */ = {isa = PBXFileReference; fileEncoding = 4; lastKnownFileType = sourcecode.swift; path = ScrollView.swift; sourceTree = "<group>"; };
		6AF611642313C13800F5CBA2 /* TableView.swift */ = {isa = PBXFileReference; fileEncoding = 4; lastKnownFileType = sourcecode.swift; path = TableView.swift; sourceTree = "<group>"; };
		6AF611672313C13800F5CBA2 /* TableCell.swift */ = {isa = PBXFileReference; fileEncoding = 4; lastKnownFileType = sourcecode.swift; path = TableCell.swift; sourceTree = "<group>"; };
		6AF6116C2313C13800F5CBA2 /* ImageView.swift */ = {isa = PBXFileReference; fileEncoding = 4; lastKnownFileType = sourcecode.swift; path = ImageView.swift; sourceTree = "<group>"; };
		6AF6116F2313C13800F5CBA2 /* Button.swift */ = {isa = PBXFileReference; fileEncoding = 4; lastKnownFileType = sourcecode.swift; path = Button.swift; sourceTree = "<group>"; };
		6AFD02FF231375EE004940FA /* FinalProject.app */ = {isa = PBXFileReference; explicitFileType = wrapper.application; includeInIndex = 0; path = FinalProject.app; sourceTree = BUILT_PRODUCTS_DIR; };
		6AFD0302231375EE004940FA /* AppDelegate.swift */ = {isa = PBXFileReference; lastKnownFileType = sourcecode.swift; path = AppDelegate.swift; sourceTree = "<group>"; };
		6AFD0309231375EF004940FA /* Assets.xcassets */ = {isa = PBXFileReference; lastKnownFileType = folder.assetcatalog; path = Assets.xcassets; sourceTree = "<group>"; };
		6AFD030E231375EF004940FA /* Info.plist */ = {isa = PBXFileReference; lastKnownFileType = text.plist.xml; path = Info.plist; sourceTree = "<group>"; };
		6AFD0313231375EF004940FA /* FinalProjectTests.xctest */ = {isa = PBXFileReference; explicitFileType = wrapper.cfbundle; includeInIndex = 0; path = FinalProjectTests.xctest; sourceTree = BUILT_PRODUCTS_DIR; };
		6AFD0317231375EF004940FA /* FinalProjectTests.swift */ = {isa = PBXFileReference; lastKnownFileType = sourcecode.swift; path = FinalProjectTests.swift; sourceTree = "<group>"; };
		6AFD0319231375EF004940FA /* Info.plist */ = {isa = PBXFileReference; lastKnownFileType = text.plist.xml; path = Info.plist; sourceTree = "<group>"; };
		73EBF6B02338C00D005878E0 /* HomeViewController.swift */ = {isa = PBXFileReference; lastKnownFileType = sourcecode.swift; path = HomeViewController.swift; sourceTree = "<group>"; };
		73EBF6B12338C00D005878E0 /* HomeViewController.xib */ = {isa = PBXFileReference; lastKnownFileType = file.xib; path = HomeViewController.xib; sourceTree = "<group>"; };
		73EBF6B42338C017005878E0 /* SearchViewController.swift */ = {isa = PBXFileReference; lastKnownFileType = sourcecode.swift; path = SearchViewController.swift; sourceTree = "<group>"; };
		73EBF6B52338C017005878E0 /* SearchViewController.xib */ = {isa = PBXFileReference; lastKnownFileType = file.xib; path = SearchViewController.xib; sourceTree = "<group>"; };
		73EBF6B82338C024005878E0 /* FavoriteViewController.swift */ = {isa = PBXFileReference; lastKnownFileType = sourcecode.swift; path = FavoriteViewController.swift; sourceTree = "<group>"; };
		73EBF6B92338C024005878E0 /* FavoriteViewController.xib */ = {isa = PBXFileReference; lastKnownFileType = file.xib; path = FavoriteViewController.xib; sourceTree = "<group>"; };
		73EBF6BE2338C9CC005878E0 /* Color.swift */ = {isa = PBXFileReference; lastKnownFileType = sourcecode.swift; path = Color.swift; sourceTree = "<group>"; };
		73EBF6C02338C9D8005878E0 /* Number.swift */ = {isa = PBXFileReference; lastKnownFileType = sourcecode.swift; path = Number.swift; sourceTree = "<group>"; };
		73EBF6C22338C9E1005878E0 /* Key.swift */ = {isa = PBXFileReference; lastKnownFileType = sourcecode.swift; path = Key.swift; sourceTree = "<group>"; };
		73EBF6C62338CFB4005878E0 /* RealmManager.swift */ = {isa = PBXFileReference; lastKnownFileType = sourcecode.swift; path = RealmManager.swift; sourceTree = "<group>"; };
		73ED49BB2339B11E0001BB01 /* Trending.swift */ = {isa = PBXFileReference; lastKnownFileType = sourcecode.swift; path = Trending.swift; sourceTree = "<group>"; };
		73ED49DF2339F4B00001BB01 /* HomeViewModel.swift */ = {isa = PBXFileReference; lastKnownFileType = sourcecode.swift; path = HomeViewModel.swift; sourceTree = "<group>"; };
		73ED49E12339F4C00001BB01 /* SearchViewModel.swift */ = {isa = PBXFileReference; lastKnownFileType = sourcecode.swift; path = SearchViewModel.swift; sourceTree = "<group>"; };
		73ED49E32339F4D50001BB01 /* FavoriteViewModel.swift */ = {isa = PBXFileReference; lastKnownFileType = sourcecode.swift; path = FavoriteViewModel.swift; sourceTree = "<group>"; };
		73ED49ED2339F6F80001BB01 /* API.swift */ = {isa = PBXFileReference; lastKnownFileType = sourcecode.swift; path = API.swift; sourceTree = "<group>"; };
		73ED49EF2339F71E0001BB01 /* APIRequest.swift */ = {isa = PBXFileReference; lastKnownFileType = sourcecode.swift; path = APIRequest.swift; sourceTree = "<group>"; };
		73ED49F12339F7310001BB01 /* ApiManager.swift */ = {isa = PBXFileReference; lastKnownFileType = sourcecode.swift; path = ApiManager.swift; sourceTree = "<group>"; };
		73ED49F32339F7420001BB01 /* API+Data.swift */ = {isa = PBXFileReference; lastKnownFileType = sourcecode.swift; path = "API+Data.swift"; sourceTree = "<group>"; };
		73ED49F52339F75C0001BB01 /* API.Downloader.swift */ = {isa = PBXFileReference; lastKnownFileType = sourcecode.swift; path = API.Downloader.swift; sourceTree = "<group>"; };
		73ED49F92339FB990001BB01 /* Api.Snippet.swift */ = {isa = PBXFileReference; lastKnownFileType = sourcecode.swift; path = Api.Snippet.swift; sourceTree = "<group>"; };
		73F143BA233B26090083084E /* TrendingCell.swift */ = {isa = PBXFileReference; lastKnownFileType = sourcecode.swift; path = TrendingCell.swift; sourceTree = "<group>"; };
		73F143BB233B26090083084E /* TrendingCell.xib */ = {isa = PBXFileReference; lastKnownFileType = file.xib; path = TrendingCell.xib; sourceTree = "<group>"; };
		73F143BE233B261D0083084E /* ChannelCell.swift */ = {isa = PBXFileReference; lastKnownFileType = sourcecode.swift; path = ChannelCell.swift; sourceTree = "<group>"; };
		73F143BF233B261D0083084E /* ChannelCell.xib */ = {isa = PBXFileReference; lastKnownFileType = file.xib; path = ChannelCell.xib; sourceTree = "<group>"; };
		73F143C2233B262A0083084E /* TrendingCellViewModel.swift */ = {isa = PBXFileReference; lastKnownFileType = sourcecode.swift; path = TrendingCellViewModel.swift; sourceTree = "<group>"; };
		73F143C4233B263B0083084E /* ChannelCellViewModel.swift */ = {isa = PBXFileReference; lastKnownFileType = sourcecode.swift; path = ChannelCellViewModel.swift; sourceTree = "<group>"; };
		73F143CD233B4D3B0083084E /* TitleHeader.swift */ = {isa = PBXFileReference; lastKnownFileType = sourcecode.swift; path = TitleHeader.swift; sourceTree = "<group>"; };
		73F143CE233B4D3B0083084E /* TitleHeader.xib */ = {isa = PBXFileReference; lastKnownFileType = file.xib; path = TitleHeader.xib; sourceTree = "<group>"; };
		7EB1AD2584DB4F2ED9CCF8A4 /* Pods-FinalProjectTests.release.xcconfig */ = {isa = PBXFileReference; includeInIndex = 1; lastKnownFileType = text.xcconfig; name = "Pods-FinalProjectTests.release.xcconfig"; path = "Pods/Target Support Files/Pods-FinalProjectTests/Pods-FinalProjectTests.release.xcconfig"; sourceTree = "<group>"; };
		D72EC1050944689B4414E5C7 /* Pods-FinalProject.debug.xcconfig */ = {isa = PBXFileReference; includeInIndex = 1; lastKnownFileType = text.xcconfig; name = "Pods-FinalProject.debug.xcconfig"; path = "Pods/Target Support Files/Pods-FinalProject/Pods-FinalProject.debug.xcconfig"; sourceTree = "<group>"; };
		DD4A2FBD85737A9282EA2264 /* Pods-FinalProject.release.xcconfig */ = {isa = PBXFileReference; includeInIndex = 1; lastKnownFileType = text.xcconfig; name = "Pods-FinalProject.release.xcconfig"; path = "Pods/Target Support Files/Pods-FinalProject/Pods-FinalProject.release.xcconfig"; sourceTree = "<group>"; };
/* End PBXFileReference section */

/* Begin PBXFrameworksBuildPhase section */
		6AFD02FC231375EE004940FA /* Frameworks */ = {
			isa = PBXFrameworksBuildPhase;
			buildActionMask = 2147483647;
			files = (
				8882DA0118142BBAD083DDD9 /* Pods_FinalProject.framework in Frameworks */,
			);
			runOnlyForDeploymentPostprocessing = 0;
		};
		6AFD0310231375EF004940FA /* Frameworks */ = {
			isa = PBXFrameworksBuildPhase;
			buildActionMask = 2147483647;
			files = (
				5AD611088853D9B72BA99EB1 /* Pods_FinalProjectTests.framework in Frameworks */,
			);
			runOnlyForDeploymentPostprocessing = 0;
		};
/* End PBXFrameworksBuildPhase section */

/* Begin PBXGroup section */
		0A5EC1D2229805DB6969ADDD /* Pods */ = {
			isa = PBXGroup;
			children = (
				D72EC1050944689B4414E5C7 /* Pods-FinalProject.debug.xcconfig */,
				DD4A2FBD85737A9282EA2264 /* Pods-FinalProject.release.xcconfig */,
				38F8188BF7E7977ED1A7F2CE /* Pods-FinalProjectTests.debug.xcconfig */,
				7EB1AD2584DB4F2ED9CCF8A4 /* Pods-FinalProjectTests.release.xcconfig */,
			);
			name = Pods;
			sourceTree = "<group>";
		};
		6AF60D062313B2EF00F5CBA2 /* Define */ = {
			isa = PBXGroup;
			children = (
				6AF60D072313B31200F5CBA2 /* App.swift */,
				6AF60D0C2313B35700F5CBA2 /* Errors.swift */,
				6AF60D152313B35800F5CBA2 /* String.swift */,
				73EBF6BE2338C9CC005878E0 /* Color.swift */,
				73EBF6C02338C9D8005878E0 /* Number.swift */,
				73EBF6C22338C9E1005878E0 /* Key.swift */,
			);
			path = Define;
			sourceTree = "<group>";
		};
		6AF60D232313B56B00F5CBA2 /* Model */ = {
			isa = PBXGroup;
			children = (
				73ED49EB2339F6E50001BB01 /* CoreApi */,
				73EBF6C52338CF9B005878E0 /* RealmManager */,
				6AF60D242313B56B00F5CBA2 /* Session.swift */,
				6AF60D252313B56B00F5CBA2 /* Schema */,
			);
			path = Model;
			sourceTree = "<group>";
		};
		6AF60D252313B56B00F5CBA2 /* Schema */ = {
			isa = PBXGroup;
			children = (
				73ED49BA2339B0F10001BB01 /* ItemResponses */,
			);
			path = Schema;
			sourceTree = "<group>";
		};
		6AF60DD82313B98800F5CBA2 /* Library */ = {
			isa = PBXGroup;
			children = (
				6AF60DD92313B99200F5CBA2 /* Ext */,
			);
			path = Library;
			sourceTree = "<group>";
		};
		6AF60DD92313B99200F5CBA2 /* Ext */ = {
			isa = PBXGroup;
			children = (
				6AF60DFC2313B9BF00F5CBA2 /* CollectionExt.swift */,
				6AF60DEE2313B9BE00F5CBA2 /* NSErrorExt.swift */,
				6AF60DF92313B9BF00F5CBA2 /* UIViewControllerExt.swift */,
				6AF60DE52313B9BD00F5CBA2 /* UIViewExt.swift */,
			);
			path = Ext;
			sourceTree = "<group>";
		};
		6AF60E242313C13600F5CBA2 /* View */ = {
			isa = PBXGroup;
			children = (
				73EBF6C82338D093005878E0 /* Custom */,
				6AF611522313C13800F5CBA2 /* Base */,
				6AF60E252313C13600F5CBA2 /* Controller */,
				6AF611232313C13800F5CBA2 /* Control */,
			);
			path = View;
			sourceTree = "<group>";
		};
		6AF60E252313C13600F5CBA2 /* Controller */ = {
			isa = PBXGroup;
			children = (
				73EBF6AF2338BFD8005878E0 /* HomeViewController */,
				73EBF6AE2338BFD5005878E0 /* SearchViewController */,
				73EBF6AD2338BFD3005878E0 /* FavoriteViewController */,
			);
			path = Controller;
			sourceTree = "<group>";
		};
		6AF611232313C13800F5CBA2 /* Control */ = {
			isa = PBXGroup;
			children = (
			);
			path = Control;
			sourceTree = "<group>";
		};
		6AF611522313C13800F5CBA2 /* Base */ = {
			isa = PBXGroup;
			children = (
				6AF611532313C13800F5CBA2 /* CollectionCell.swift */,
				6AF611542313C13800F5CBA2 /* CollectionViewHeaderView.swift */,
				6AF611552313C13800F5CBA2 /* Label.swift */,
				6AF611562313C13800F5CBA2 /* ViewController.swift */,
				6AF6115A2313C13800F5CBA2 /* CollectionView.swift */,
				6AF611622313C13800F5CBA2 /* ScrollView.swift */,
				6AF611642313C13800F5CBA2 /* TableView.swift */,
				6AF611672313C13800F5CBA2 /* TableCell.swift */,
				6AF6116C2313C13800F5CBA2 /* ImageView.swift */,
				6AF6116F2313C13800F5CBA2 /* Button.swift */,
			);
			path = Base;
			sourceTree = "<group>";
		};
		6AFD02F6231375EE004940FA = {
			isa = PBXGroup;
			children = (
				6AFD0301231375EE004940FA /* FinalProject */,
				6AFD0316231375EF004940FA /* FinalProjectTests */,
				6AFD0300231375EE004940FA /* Products */,
				0A5EC1D2229805DB6969ADDD /* Pods */,
				EDAB884D0E9858125EA92DBE /* Frameworks */,
			);
			sourceTree = "<group>";
		};
		6AFD0300231375EE004940FA /* Products */ = {
			isa = PBXGroup;
			children = (
				6AFD02FF231375EE004940FA /* FinalProject.app */,
				6AFD0313231375EF004940FA /* FinalProjectTests.xctest */,
			);
			name = Products;
			sourceTree = "<group>";
		};
		6AFD0301231375EE004940FA /* FinalProject */ = {
			isa = PBXGroup;
			children = (
				73EBF6AA2338BB60005878E0 /* AppDelegate */,
				6AF60D062313B2EF00F5CBA2 /* Define */,
				6AF60DD82313B98800F5CBA2 /* Library */,
				6AF60D232313B56B00F5CBA2 /* Model */,
				6AF60E242313C13600F5CBA2 /* View */,
				73EBF6AB2338BB76005878E0 /* Resource */,
				6AFD030E231375EF004940FA /* Info.plist */,
			);
			path = FinalProject;
			sourceTree = "<group>";
		};
		6AFD0316231375EF004940FA /* FinalProjectTests */ = {
			isa = PBXGroup;
			children = (
				6AFD0317231375EF004940FA /* FinalProjectTests.swift */,
				6AFD0319231375EF004940FA /* Info.plist */,
			);
			path = FinalProjectTests;
			sourceTree = "<group>";
		};
		73EBF6AA2338BB60005878E0 /* AppDelegate */ = {
			isa = PBXGroup;
			children = (
				6AFD0302231375EE004940FA /* AppDelegate.swift */,
			);
			path = AppDelegate;
			sourceTree = "<group>";
		};
		73EBF6AB2338BB76005878E0 /* Resource */ = {
			isa = PBXGroup;
			children = (
				6AF60D042313B26E00F5CBA2 /* LaunchScreen.storyboard */,
				6AFD0309231375EF004940FA /* Assets.xcassets */,
			);
			path = Resource;
			sourceTree = "<group>";
		};
		73EBF6AD2338BFD3005878E0 /* FavoriteViewController */ = {
			isa = PBXGroup;
			children = (
				73EBF6B82338C024005878E0 /* FavoriteViewController.swift */,
				73EBF6B92338C024005878E0 /* FavoriteViewController.xib */,
				73ED49E32339F4D50001BB01 /* FavoriteViewModel.swift */,
			);
			path = FavoriteViewController;
			sourceTree = "<group>";
		};
		73EBF6AE2338BFD5005878E0 /* SearchViewController */ = {
			isa = PBXGroup;
			children = (
				73EBF6B42338C017005878E0 /* SearchViewController.swift */,
				73EBF6B52338C017005878E0 /* SearchViewController.xib */,
				73ED49E12339F4C00001BB01 /* SearchViewModel.swift */,
			);
			path = SearchViewController;
			sourceTree = "<group>";
		};
		73EBF6AF2338BFD8005878E0 /* HomeViewController */ = {
			isa = PBXGroup;
			children = (
				73EBF6B02338C00D005878E0 /* HomeViewController.swift */,
				73EBF6B12338C00D005878E0 /* HomeViewController.xib */,
				73ED49DF2339F4B00001BB01 /* HomeViewModel.swift */,
			);
			path = HomeViewController;
			sourceTree = "<group>";
		};
		73EBF6C52338CF9B005878E0 /* RealmManager */ = {
			isa = PBXGroup;
			children = (
				73EBF6C62338CFB4005878E0 /* RealmManager.swift */,
			);
			path = RealmManager;
			sourceTree = "<group>";
		};
		73EBF6C82338D093005878E0 /* Custom */ = {
			isa = PBXGroup;
			children = (
				73F143C8233B2B6E0083084E /* TitleHeader */,
				73F143B9233B25CF0083084E /* TrendingCell */,
				73F143B8233B25CD0083084E /* ChannelCell */,
			);
			path = Custom;
			sourceTree = "<group>";
		};
		73ED49BA2339B0F10001BB01 /* ItemResponses */ = {
			isa = PBXGroup;
			children = (
				73ED49BB2339B11E0001BB01 /* Trending.swift */,
			);
			path = ItemResponses;
			sourceTree = "<group>";
		};
		73ED49EB2339F6E50001BB01 /* CoreApi */ = {
			isa = PBXGroup;
			children = (
				73ED49EC2339F6E90001BB01 /* Core */,
				73ED49F52339F75C0001BB01 /* API.Downloader.swift */,
				73ED49F92339FB990001BB01 /* Api.Snippet.swift */,
			);
			path = CoreApi;
			sourceTree = "<group>";
		};
		73ED49EC2339F6E90001BB01 /* Core */ = {
			isa = PBXGroup;
			children = (
				73ED49ED2339F6F80001BB01 /* API.swift */,
				73ED49EF2339F71E0001BB01 /* APIRequest.swift */,
				73ED49F12339F7310001BB01 /* ApiManager.swift */,
				73ED49F32339F7420001BB01 /* API+Data.swift */,
			);
			path = Core;
			sourceTree = "<group>";
		};
		73F143B8233B25CD0083084E /* ChannelCell */ = {
			isa = PBXGroup;
			children = (
				73F143BE233B261D0083084E /* ChannelCell.swift */,
				73F143BF233B261D0083084E /* ChannelCell.xib */,
				73F143C4233B263B0083084E /* ChannelCellViewModel.swift */,
			);
			path = ChannelCell;
			sourceTree = "<group>";
		};
		73F143B9233B25CF0083084E /* TrendingCell */ = {
			isa = PBXGroup;
			children = (
				73F143BA233B26090083084E /* TrendingCell.swift */,
				73F143BB233B26090083084E /* TrendingCell.xib */,
				73F143C2233B262A0083084E /* TrendingCellViewModel.swift */,
			);
			path = TrendingCell;
			sourceTree = "<group>";
		};
		73F143C8233B2B6E0083084E /* TitleHeader */ = {
			isa = PBXGroup;
			children = (
				73F143CD233B4D3B0083084E /* TitleHeader.swift */,
				73F143CE233B4D3B0083084E /* TitleHeader.xib */,
			);
			path = TitleHeader;
			sourceTree = "<group>";
		};
		EDAB884D0E9858125EA92DBE /* Frameworks */ = {
			isa = PBXGroup;
			children = (
				5084BD3D925876C8DE2E9504 /* Pods_FinalProject.framework */,
				1D338D4668001CE7615E14B1 /* Pods_FinalProjectTests.framework */,
			);
			name = Frameworks;
			sourceTree = "<group>";
		};
/* End PBXGroup section */

/* Begin PBXNativeTarget section */
		6AFD02FE231375EE004940FA /* FinalProject */ = {
			isa = PBXNativeTarget;
			buildConfigurationList = 6AFD031C231375EF004940FA /* Build configuration list for PBXNativeTarget "FinalProject" */;
			buildPhases = (
				8448771D0E97D56E2DD2670E /* [CP] Check Pods Manifest.lock */,
				6AFD032323139854004940FA /* Swift Lint */,
				6AFD02FB231375EE004940FA /* Sources */,
				6AFD02FC231375EE004940FA /* Frameworks */,
				6AFD02FD231375EE004940FA /* Resources */,
				33E42EA2B060F1067BB30538 /* [CP] Embed Pods Frameworks */,
			);
			buildRules = (
			);
			dependencies = (
			);
			name = FinalProject;
			productName = FinalProject;
			productReference = 6AFD02FF231375EE004940FA /* FinalProject.app */;
			productType = "com.apple.product-type.application";
		};
		6AFD0312231375EF004940FA /* FinalProjectTests */ = {
			isa = PBXNativeTarget;
			buildConfigurationList = 6AFD031F231375EF004940FA /* Build configuration list for PBXNativeTarget "FinalProjectTests" */;
			buildPhases = (
				9FC5EBB010D51D39B72EE1ED /* [CP] Check Pods Manifest.lock */,
				6AFD030F231375EF004940FA /* Sources */,
				6AFD0310231375EF004940FA /* Frameworks */,
				6AFD0311231375EF004940FA /* Resources */,
			);
			buildRules = (
			);
			dependencies = (
				6AFD0315231375EF004940FA /* PBXTargetDependency */,
			);
			name = FinalProjectTests;
			productName = FinalProjectTests;
			productReference = 6AFD0313231375EF004940FA /* FinalProjectTests.xctest */;
			productType = "com.apple.product-type.bundle.unit-test";
		};
/* End PBXNativeTarget section */

/* Begin PBXProject section */
		6AFD02F7231375EE004940FA /* Project object */ = {
			isa = PBXProject;
			attributes = {
				LastSwiftUpdateCheck = 1020;
				LastUpgradeCheck = 1020;
				ORGANIZATIONNAME = Asiantech;
				TargetAttributes = {
					6AFD02FE231375EE004940FA = {
						CreatedOnToolsVersion = 10.2.1;
					};
					6AFD0312231375EF004940FA = {
						CreatedOnToolsVersion = 10.2.1;
						TestTargetID = 6AFD02FE231375EE004940FA;
					};
				};
			};
			buildConfigurationList = 6AFD02FA231375EE004940FA /* Build configuration list for PBXProject "FinalProject" */;
			compatibilityVersion = "Xcode 9.3";
			developmentRegion = en;
			hasScannedForEncodings = 0;
			knownRegions = (
				en,
				Base,
			);
			mainGroup = 6AFD02F6231375EE004940FA;
			productRefGroup = 6AFD0300231375EE004940FA /* Products */;
			projectDirPath = "";
			projectRoot = "";
			targets = (
				6AFD02FE231375EE004940FA /* FinalProject */,
				6AFD0312231375EF004940FA /* FinalProjectTests */,
			);
		};
/* End PBXProject section */

/* Begin PBXResourcesBuildPhase section */
		6AFD02FD231375EE004940FA /* Resources */ = {
			isa = PBXResourcesBuildPhase;
			buildActionMask = 2147483647;
			files = (
				6AFD030A231375EF004940FA /* Assets.xcassets in Resources */,
				6AF60D052313B26E00F5CBA2 /* LaunchScreen.storyboard in Resources */,
				73F143C1233B261D0083084E /* ChannelCell.xib in Resources */,
				73F143D0233B4D3B0083084E /* TitleHeader.xib in Resources */,
				73F143BD233B26090083084E /* TrendingCell.xib in Resources */,
				73EBF6B72338C017005878E0 /* SearchViewController.xib in Resources */,
				73EBF6BB2338C024005878E0 /* FavoriteViewController.xib in Resources */,
				73EBF6B32338C00D005878E0 /* HomeViewController.xib in Resources */,
			);
			runOnlyForDeploymentPostprocessing = 0;
		};
		6AFD0311231375EF004940FA /* Resources */ = {
			isa = PBXResourcesBuildPhase;
			buildActionMask = 2147483647;
			files = (
			);
			runOnlyForDeploymentPostprocessing = 0;
		};
/* End PBXResourcesBuildPhase section */

/* Begin PBXShellScriptBuildPhase section */
		33E42EA2B060F1067BB30538 /* [CP] Embed Pods Frameworks */ = {
			isa = PBXShellScriptBuildPhase;
			buildActionMask = 2147483647;
			files = (
			);
			inputFileListPaths = (
				"${PODS_ROOT}/Target Support Files/Pods-FinalProject/Pods-FinalProject-frameworks-${CONFIGURATION}-input-files.xcfilelist",
			);
			name = "[CP] Embed Pods Frameworks";
			outputFileListPaths = (
				"${PODS_ROOT}/Target Support Files/Pods-FinalProject/Pods-FinalProject-frameworks-${CONFIGURATION}-output-files.xcfilelist",
			);
			runOnlyForDeploymentPostprocessing = 0;
			shellPath = /bin/sh;
			shellScript = "\"${PODS_ROOT}/Target Support Files/Pods-FinalProject/Pods-FinalProject-frameworks.sh\"\n";
			showEnvVarsInLog = 0;
		};
		6AFD032323139854004940FA /* Swift Lint */ = {
			isa = PBXShellScriptBuildPhase;
			buildActionMask = 2147483647;
			files = (
			);
			inputFileListPaths = (
			);
			inputPaths = (
			);
			name = "Swift Lint";
			outputFileListPaths = (
			);
			outputPaths = (
			);
			runOnlyForDeploymentPostprocessing = 0;
			shellPath = /bin/sh;
			shellScript = "\"${PODS_ROOT}/SwiftLint/swiftlint\"\n";
		};
		8448771D0E97D56E2DD2670E /* [CP] Check Pods Manifest.lock */ = {
			isa = PBXShellScriptBuildPhase;
			buildActionMask = 2147483647;
			files = (
			);
			inputFileListPaths = (
			);
			inputPaths = (
				"${PODS_PODFILE_DIR_PATH}/Podfile.lock",
				"${PODS_ROOT}/Manifest.lock",
			);
			name = "[CP] Check Pods Manifest.lock";
			outputFileListPaths = (
			);
			outputPaths = (
				"$(DERIVED_FILE_DIR)/Pods-FinalProject-checkManifestLockResult.txt",
			);
			runOnlyForDeploymentPostprocessing = 0;
			shellPath = /bin/sh;
			shellScript = "diff \"${PODS_PODFILE_DIR_PATH}/Podfile.lock\" \"${PODS_ROOT}/Manifest.lock\" > /dev/null\nif [ $? != 0 ] ; then\n    # print error to STDERR\n    echo \"error: The sandbox is not in sync with the Podfile.lock. Run 'pod install' or update your CocoaPods installation.\" >&2\n    exit 1\nfi\n# This output is used by Xcode 'outputs' to avoid re-running this script phase.\necho \"SUCCESS\" > \"${SCRIPT_OUTPUT_FILE_0}\"\n";
			showEnvVarsInLog = 0;
		};
		9FC5EBB010D51D39B72EE1ED /* [CP] Check Pods Manifest.lock */ = {
			isa = PBXShellScriptBuildPhase;
			buildActionMask = 2147483647;
			files = (
			);
			inputFileListPaths = (
			);
			inputPaths = (
				"${PODS_PODFILE_DIR_PATH}/Podfile.lock",
				"${PODS_ROOT}/Manifest.lock",
			);
			name = "[CP] Check Pods Manifest.lock";
			outputFileListPaths = (
			);
			outputPaths = (
				"$(DERIVED_FILE_DIR)/Pods-FinalProjectTests-checkManifestLockResult.txt",
			);
			runOnlyForDeploymentPostprocessing = 0;
			shellPath = /bin/sh;
			shellScript = "diff \"${PODS_PODFILE_DIR_PATH}/Podfile.lock\" \"${PODS_ROOT}/Manifest.lock\" > /dev/null\nif [ $? != 0 ] ; then\n    # print error to STDERR\n    echo \"error: The sandbox is not in sync with the Podfile.lock. Run 'pod install' or update your CocoaPods installation.\" >&2\n    exit 1\nfi\n# This output is used by Xcode 'outputs' to avoid re-running this script phase.\necho \"SUCCESS\" > \"${SCRIPT_OUTPUT_FILE_0}\"\n";
			showEnvVarsInLog = 0;
		};
/* End PBXShellScriptBuildPhase section */

/* Begin PBXSourcesBuildPhase section */
		6AFD02FB231375EE004940FA /* Sources */ = {
			isa = PBXSourcesBuildPhase;
			buildActionMask = 2147483647;
			files = (
				73EBF6B22338C00D005878E0 /* HomeViewController.swift in Sources */,
				73EBF6C12338C9D8005878E0 /* Number.swift in Sources */,
				73F143C5233B263B0083084E /* ChannelCellViewModel.swift in Sources */,
				6AF60E0A2313B9C000F5CBA2 /* UIViewExt.swift in Sources */,
				6AF613B22313C13A00F5CBA2 /* Label.swift in Sources */,
				73ED49F62339F75C0001BB01 /* API.Downloader.swift in Sources */,
				73ED49E22339F4C00001BB01 /* SearchViewModel.swift in Sources */,
				6AF60E132313B9C000F5CBA2 /* NSErrorExt.swift in Sources */,
				6AF613B72313C13A00F5CBA2 /* CollectionView.swift in Sources */,
				6AFD0303231375EE004940FA /* AppDelegate.swift in Sources */,
				73F143CF233B4D3B0083084E /* TitleHeader.swift in Sources */,
				6AF613B02313C13A00F5CBA2 /* CollectionCell.swift in Sources */,
				73EBF6B62338C017005878E0 /* SearchViewController.swift in Sources */,
				73ED49E02339F4B00001BB01 /* HomeViewModel.swift in Sources */,
				73ED49E42339F4D50001BB01 /* FavoriteViewModel.swift in Sources */,
				73EBF6BF2338C9CC005878E0 /* Color.swift in Sources */,
				73EBF6C32338C9E1005878E0 /* Key.swift in Sources */,
				6AF613B12313C13A00F5CBA2 /* CollectionViewHeaderView.swift in Sources */,
				6AF60E1E2313B9C000F5CBA2 /* UIViewControllerExt.swift in Sources */,
				6AF60D082313B31200F5CBA2 /* App.swift in Sources */,
				6AF60D802313B56B00F5CBA2 /* Session.swift in Sources */,
				73ED49F22339F7310001BB01 /* ApiManager.swift in Sources */,
				6AF60D192313B35800F5CBA2 /* Errors.swift in Sources */,
				6AF613BF2313C13A00F5CBA2 /* ScrollView.swift in Sources */,
				73F143C3233B262A0083084E /* TrendingCellViewModel.swift in Sources */,
				6AF60D222313B35800F5CBA2 /* String.swift in Sources */,
				6AF613CC2313C13A00F5CBA2 /* Button.swift in Sources */,
				6AF613B32313C13A00F5CBA2 /* ViewController.swift in Sources */,
				73EBF6C72338CFB4005878E0 /* RealmManager.swift in Sources */,
				73ED49BC2339B11E0001BB01 /* Trending.swift in Sources */,
				73EBF6BA2338C024005878E0 /* FavoriteViewController.swift in Sources */,
				73ED49FA2339FB990001BB01 /* Api.Snippet.swift in Sources */,
				73F143C0233B261D0083084E /* ChannelCell.swift in Sources */,
				73ED49F42339F7420001BB01 /* API+Data.swift in Sources */,
				6AF613C12313C13A00F5CBA2 /* TableView.swift in Sources */,
				6AF613C42313C13A00F5CBA2 /* TableCell.swift in Sources */,
				6AF613C92313C13A00F5CBA2 /* ImageView.swift in Sources */,
				73F143BC233B26090083084E /* TrendingCell.swift in Sources */,
				6AF60E212313B9C000F5CBA2 /* CollectionExt.swift in Sources */,
				73ED49F02339F71E0001BB01 /* APIRequest.swift in Sources */,
				73ED49EE2339F6F80001BB01 /* API.swift in Sources */,
			);
			runOnlyForDeploymentPostprocessing = 0;
		};
		6AFD030F231375EF004940FA /* Sources */ = {
			isa = PBXSourcesBuildPhase;
			buildActionMask = 2147483647;
			files = (
				6AFD0318231375EF004940FA /* FinalProjectTests.swift in Sources */,
			);
			runOnlyForDeploymentPostprocessing = 0;
		};
/* End PBXSourcesBuildPhase section */

/* Begin PBXTargetDependency section */
		6AFD0315231375EF004940FA /* PBXTargetDependency */ = {
			isa = PBXTargetDependency;
			target = 6AFD02FE231375EE004940FA /* FinalProject */;
			targetProxy = 6AFD0314231375EF004940FA /* PBXContainerItemProxy */;
		};
/* End PBXTargetDependency section */

/* Begin XCBuildConfiguration section */
		6AFD031A231375EF004940FA /* Debug */ = {
			isa = XCBuildConfiguration;
			buildSettings = {
				ALWAYS_SEARCH_USER_PATHS = NO;
				CLANG_ANALYZER_NONNULL = YES;
				CLANG_ANALYZER_NUMBER_OBJECT_CONVERSION = YES_AGGRESSIVE;
				CLANG_CXX_LANGUAGE_STANDARD = "gnu++14";
				CLANG_CXX_LIBRARY = "libc++";
				CLANG_ENABLE_MODULES = YES;
				CLANG_ENABLE_OBJC_ARC = YES;
				CLANG_ENABLE_OBJC_WEAK = YES;
				CLANG_WARN_BLOCK_CAPTURE_AUTORELEASING = YES;
				CLANG_WARN_BOOL_CONVERSION = YES;
				CLANG_WARN_COMMA = YES;
				CLANG_WARN_CONSTANT_CONVERSION = YES;
				CLANG_WARN_DEPRECATED_OBJC_IMPLEMENTATIONS = YES;
				CLANG_WARN_DIRECT_OBJC_ISA_USAGE = YES_ERROR;
				CLANG_WARN_DOCUMENTATION_COMMENTS = YES;
				CLANG_WARN_EMPTY_BODY = YES;
				CLANG_WARN_ENUM_CONVERSION = YES;
				CLANG_WARN_INFINITE_RECURSION = YES;
				CLANG_WARN_INT_CONVERSION = YES;
				CLANG_WARN_NON_LITERAL_NULL_CONVERSION = YES;
				CLANG_WARN_OBJC_IMPLICIT_RETAIN_SELF = YES;
				CLANG_WARN_OBJC_LITERAL_CONVERSION = YES;
				CLANG_WARN_OBJC_ROOT_CLASS = YES_ERROR;
				CLANG_WARN_RANGE_LOOP_ANALYSIS = YES;
				CLANG_WARN_STRICT_PROTOTYPES = YES;
				CLANG_WARN_SUSPICIOUS_MOVE = YES;
				CLANG_WARN_UNGUARDED_AVAILABILITY = YES_AGGRESSIVE;
				CLANG_WARN_UNREACHABLE_CODE = YES;
				CLANG_WARN__DUPLICATE_METHOD_MATCH = YES;
				CODE_SIGN_IDENTITY = "iPhone Developer";
				COPY_PHASE_STRIP = NO;
				DEBUG_INFORMATION_FORMAT = dwarf;
				ENABLE_STRICT_OBJC_MSGSEND = YES;
				ENABLE_TESTABILITY = YES;
				GCC_C_LANGUAGE_STANDARD = gnu11;
				GCC_DYNAMIC_NO_PIC = NO;
				GCC_NO_COMMON_BLOCKS = YES;
				GCC_OPTIMIZATION_LEVEL = 0;
				GCC_PREPROCESSOR_DEFINITIONS = (
					"DEBUG=1",
					"$(inherited)",
				);
				GCC_WARN_64_TO_32_BIT_CONVERSION = YES;
				GCC_WARN_ABOUT_RETURN_TYPE = YES_ERROR;
				GCC_WARN_UNDECLARED_SELECTOR = YES;
				GCC_WARN_UNINITIALIZED_AUTOS = YES_AGGRESSIVE;
				GCC_WARN_UNUSED_FUNCTION = YES;
				GCC_WARN_UNUSED_VARIABLE = YES;
				IPHONEOS_DEPLOYMENT_TARGET = 12.2;
				MTL_ENABLE_DEBUG_INFO = INCLUDE_SOURCE;
				MTL_FAST_MATH = YES;
				ONLY_ACTIVE_ARCH = YES;
				SDKROOT = iphoneos;
				SWIFT_ACTIVE_COMPILATION_CONDITIONS = DEBUG;
				SWIFT_OPTIMIZATION_LEVEL = "-Onone";
			};
			name = Debug;
		};
		6AFD031B231375EF004940FA /* Release */ = {
			isa = XCBuildConfiguration;
			buildSettings = {
				ALWAYS_SEARCH_USER_PATHS = NO;
				CLANG_ANALYZER_NONNULL = YES;
				CLANG_ANALYZER_NUMBER_OBJECT_CONVERSION = YES_AGGRESSIVE;
				CLANG_CXX_LANGUAGE_STANDARD = "gnu++14";
				CLANG_CXX_LIBRARY = "libc++";
				CLANG_ENABLE_MODULES = YES;
				CLANG_ENABLE_OBJC_ARC = YES;
				CLANG_ENABLE_OBJC_WEAK = YES;
				CLANG_WARN_BLOCK_CAPTURE_AUTORELEASING = YES;
				CLANG_WARN_BOOL_CONVERSION = YES;
				CLANG_WARN_COMMA = YES;
				CLANG_WARN_CONSTANT_CONVERSION = YES;
				CLANG_WARN_DEPRECATED_OBJC_IMPLEMENTATIONS = YES;
				CLANG_WARN_DIRECT_OBJC_ISA_USAGE = YES_ERROR;
				CLANG_WARN_DOCUMENTATION_COMMENTS = YES;
				CLANG_WARN_EMPTY_BODY = YES;
				CLANG_WARN_ENUM_CONVERSION = YES;
				CLANG_WARN_INFINITE_RECURSION = YES;
				CLANG_WARN_INT_CONVERSION = YES;
				CLANG_WARN_NON_LITERAL_NULL_CONVERSION = YES;
				CLANG_WARN_OBJC_IMPLICIT_RETAIN_SELF = YES;
				CLANG_WARN_OBJC_LITERAL_CONVERSION = YES;
				CLANG_WARN_OBJC_ROOT_CLASS = YES_ERROR;
				CLANG_WARN_RANGE_LOOP_ANALYSIS = YES;
				CLANG_WARN_STRICT_PROTOTYPES = YES;
				CLANG_WARN_SUSPICIOUS_MOVE = YES;
				CLANG_WARN_UNGUARDED_AVAILABILITY = YES_AGGRESSIVE;
				CLANG_WARN_UNREACHABLE_CODE = YES;
				CLANG_WARN__DUPLICATE_METHOD_MATCH = YES;
				CODE_SIGN_IDENTITY = "iPhone Developer";
				COPY_PHASE_STRIP = NO;
				DEBUG_INFORMATION_FORMAT = "dwarf-with-dsym";
				ENABLE_NS_ASSERTIONS = NO;
				ENABLE_STRICT_OBJC_MSGSEND = YES;
				GCC_C_LANGUAGE_STANDARD = gnu11;
				GCC_NO_COMMON_BLOCKS = YES;
				GCC_WARN_64_TO_32_BIT_CONVERSION = YES;
				GCC_WARN_ABOUT_RETURN_TYPE = YES_ERROR;
				GCC_WARN_UNDECLARED_SELECTOR = YES;
				GCC_WARN_UNINITIALIZED_AUTOS = YES_AGGRESSIVE;
				GCC_WARN_UNUSED_FUNCTION = YES;
				GCC_WARN_UNUSED_VARIABLE = YES;
				IPHONEOS_DEPLOYMENT_TARGET = 12.2;
				MTL_ENABLE_DEBUG_INFO = NO;
				MTL_FAST_MATH = YES;
				SDKROOT = iphoneos;
				SWIFT_COMPILATION_MODE = wholemodule;
				SWIFT_OPTIMIZATION_LEVEL = "-O";
				VALIDATE_PRODUCT = YES;
			};
			name = Release;
		};
		6AFD031D231375EF004940FA /* Debug */ = {
			isa = XCBuildConfiguration;
			baseConfigurationReference = D72EC1050944689B4414E5C7 /* Pods-FinalProject.debug.xcconfig */;
			buildSettings = {
				ASSETCATALOG_COMPILER_APPICON_NAME = AppIcon;
				CODE_SIGN_STYLE = Automatic;
				INFOPLIST_FILE = FinalProject/Info.plist;
				LD_RUNPATH_SEARCH_PATHS = (
					"$(inherited)",
					"@executable_path/Frameworks",
				);
				PRODUCT_BUNDLE_IDENTIFIER = com.FinalProject;
				PRODUCT_NAME = "$(TARGET_NAME)";
				SWIFT_VERSION = 5.0;
				TARGETED_DEVICE_FAMILY = "1,2";
			};
			name = Debug;
		};
		6AFD031E231375EF004940FA /* Release */ = {
			isa = XCBuildConfiguration;
			baseConfigurationReference = DD4A2FBD85737A9282EA2264 /* Pods-FinalProject.release.xcconfig */;
			buildSettings = {
				ASSETCATALOG_COMPILER_APPICON_NAME = AppIcon;
				CODE_SIGN_STYLE = Automatic;
				INFOPLIST_FILE = FinalProject/Info.plist;
				LD_RUNPATH_SEARCH_PATHS = (
					"$(inherited)",
					"@executable_path/Frameworks",
				);
				PRODUCT_BUNDLE_IDENTIFIER = com.FinalProject;
				PRODUCT_NAME = "$(TARGET_NAME)";
				SWIFT_VERSION = 5.0;
				TARGETED_DEVICE_FAMILY = "1,2";
			};
			name = Release;
		};
		6AFD0320231375EF004940FA /* Debug */ = {
			isa = XCBuildConfiguration;
			baseConfigurationReference = 38F8188BF7E7977ED1A7F2CE /* Pods-FinalProjectTests.debug.xcconfig */;
			buildSettings = {
				ALWAYS_EMBED_SWIFT_STANDARD_LIBRARIES = YES;
				BUNDLE_LOADER = "$(TEST_HOST)";
				CODE_SIGN_STYLE = Automatic;
				INFOPLIST_FILE = FinalProjectTests/Info.plist;
				LD_RUNPATH_SEARCH_PATHS = (
					"$(inherited)",
					"@executable_path/Frameworks",
					"@loader_path/Frameworks",
				);
				PRODUCT_BUNDLE_IDENTIFIER = com.FinalProjectTests;
				PRODUCT_NAME = "$(TARGET_NAME)";
				SWIFT_VERSION = 5.0;
				TARGETED_DEVICE_FAMILY = "1,2";
				TEST_HOST = "$(BUILT_PRODUCTS_DIR)/FinalProject.app/FinalProject";
			};
			name = Debug;
		};
		6AFD0321231375EF004940FA /* Release */ = {
			isa = XCBuildConfiguration;
			baseConfigurationReference = 7EB1AD2584DB4F2ED9CCF8A4 /* Pods-FinalProjectTests.release.xcconfig */;
			buildSettings = {
				ALWAYS_EMBED_SWIFT_STANDARD_LIBRARIES = YES;
				BUNDLE_LOADER = "$(TEST_HOST)";
				CODE_SIGN_STYLE = Automatic;
				INFOPLIST_FILE = FinalProjectTests/Info.plist;
				LD_RUNPATH_SEARCH_PATHS = (
					"$(inherited)",
					"@executable_path/Frameworks",
					"@loader_path/Frameworks",
				);
				PRODUCT_BUNDLE_IDENTIFIER = com.FinalProjectTests;
				PRODUCT_NAME = "$(TARGET_NAME)";
				SWIFT_VERSION = 5.0;
				TARGETED_DEVICE_FAMILY = "1,2";
				TEST_HOST = "$(BUILT_PRODUCTS_DIR)/FinalProject.app/FinalProject";
			};
			name = Release;
		};
/* End XCBuildConfiguration section */

/* Begin XCConfigurationList section */
		6AFD02FA231375EE004940FA /* Build configuration list for PBXProject "FinalProject" */ = {
			isa = XCConfigurationList;
			buildConfigurations = (
				6AFD031A231375EF004940FA /* Debug */,
				6AFD031B231375EF004940FA /* Release */,
			);
			defaultConfigurationIsVisible = 0;
			defaultConfigurationName = Release;
		};
		6AFD031C231375EF004940FA /* Build configuration list for PBXNativeTarget "FinalProject" */ = {
			isa = XCConfigurationList;
			buildConfigurations = (
				6AFD031D231375EF004940FA /* Debug */,
				6AFD031E231375EF004940FA /* Release */,
			);
			defaultConfigurationIsVisible = 0;
			defaultConfigurationName = Release;
		};
		6AFD031F231375EF004940FA /* Build configuration list for PBXNativeTarget "FinalProjectTests" */ = {
			isa = XCConfigurationList;
			buildConfigurations = (
				6AFD0320231375EF004940FA /* Debug */,
				6AFD0321231375EF004940FA /* Release */,
			);
			defaultConfigurationIsVisible = 0;
			defaultConfigurationName = Release;
		};
/* End XCConfigurationList section */
	};
	rootObject = 6AFD02F7231375EE004940FA /* Project object */;
}
